
Microsoft Visual Studio Solution File, Format Version 12.00
# Visual Studio Version 17
VisualStudioVersion = 17.10.35122.118
MinimumVisualStudioVersion = 10.0.40219.1
Project("{9A19103F-16F7-4668-BE54-9A1E7A4F7556}") = "CSharpWebHost", "CSharpWebHost\CSharpWebHost.csproj", "{FBF8F434-3A44-4F7D-BE63-6FE6DF40ABBA}"
EndProject
Global
	GlobalSection(SolutionConfigurationPlatforms) = preSolution
		Debug|Any CPU = Debug|Any CPU
		Release|Any CPU = Release|Any CPU
	EndGlobalSection
	GlobalSection(ProjectConfigurationPlatforms) = postSolution
		{FBF8F434-3A44-4F7D-BE63-6FE6DF40ABBA}.Debug|Any CPU.ActiveCfg = Debug|Any CPU
		{FBF8F434-3A44-4F7D-BE63-6FE6DF40ABBA}.Debug|Any CPU.Build.0 = Debug|Any CPU
		{FBF8F434-3A44-4F7D-BE63-6FE6DF40ABBA}.Release|Any CPU.ActiveCfg = Release|Any CPU
		{FBF8F434-3A44-4F7D-BE63-6FE6DF40ABBA}.Release|Any CPU.Build.0 = Release|Any CPU
	EndGlobalSection
	GlobalSection(SolutionProperties) = preSolution
		HideSolutionNode = FALSE
	EndGlobalSection
	GlobalSection(ExtensibilityGlobals) = postSolution
		SolutionGuid = {2767D977-8AAD-42EC-A4D2-3A667E3BCBB6}
	EndGlobalSection
EndGlobal
